
Microsoft Visual Studio Solution File, Format Version 12.00
# Visual Studio Version 17
VisualStudioVersion = 17.0.31903.59
MinimumVisualStudioVersion = 10.0.40219.1
Project("{9A19103F-16F7-4668-BE54-9A1E7A4F7556}") = "Tugas Week 3", "Tugas Week 2\Tugas Week 3.csproj", "{20CF2584-FF07-4D65-83DF-35839109A9B3}"
EndProject
Global
	GlobalSection(SolutionConfigurationPlatforms) = preSolution
		Debug|Any CPU = Debug|Any CPU
		Release|Any CPU = Release|Any CPU
	EndGlobalSection
	GlobalSection(ProjectConfigurationPlatforms) = postSolution
		{20CF2584-FF07-4D65-83DF-35839109A9B3}.Debug|Any CPU.ActiveCfg = Debug|Any CPU
		{20CF2584-FF07-4D65-83DF-35839109A9B3}.Debug|Any CPU.Build.0 = Debug|Any CPU
		{20CF2584-FF07-4D65-83DF-35839109A9B3}.Release|Any CPU.ActiveCfg = Release|Any CPU
		{20CF2584-FF07-4D65-83DF-35839109A9B3}.Release|Any CPU.Build.0 = Release|Any CPU
	EndGlobalSection
	GlobalSection(SolutionProperties) = preSolution
		HideSolutionNode = FALSE
	EndGlobalSection
	GlobalSection(ExtensibilityGlobals) = postSolution
		SolutionGuid = {4ABC3D49-DF02-4C96-829F-3D6E55213B1D}
	EndGlobalSection
EndGlobal
